// !$*UTF8*$!
{
	archiveVersion = 1;
	classes = {
	};
	objectVersion = 56;
	objects = {

/* Begin PBXBuildFile section */
		019E18F22BBD38E60086012D /* rain.wav in Resources */ = {isa = PBXBuildFile; fileRef = 019E18F12BBD38E60086012D /* rain.wav */; };
		019E18F42BBD38F60086012D /* alarm.wav in Resources */ = {isa = PBXBuildFile; fileRef = 019E18F32BBD38F60086012D /* alarm.wav */; };
		019E18F82BBD399C0086012D /* NoiseManager.swift in Sources */ = {isa = PBXBuildFile; fileRef = 019E18F72BBD399C0086012D /* NoiseManager.swift */; };
		01D9E9CE2BBD5318003881DF /* static.wav in Resources */ = {isa = PBXBuildFile; fileRef = 01D9E9CD2BBD5318003881DF /* static.wav */; };
		4488D86C2BBBCE3400C4E55C /* ContentView.swift in Sources */ = {isa = PBXBuildFile; fileRef = 4488D86B2BBBCE3400C4E55C /* ContentView.swift */; };
		4488D86D2BBBCE3400C4E55C /* AlarmView.swift in Sources */ = {isa = PBXBuildFile; fileRef = 4488D8672BBBCE3400C4E55C /* AlarmView.swift */; };
		4488D86E2BBBCE3400C4E55C /* InitialView.swift in Sources */ = {isa = PBXBuildFile; fileRef = 4488D8682BBBCE3400C4E55C /* InitialView.swift */; };
		4488D86F2BBBCE3400C4E55C /* OngoingView.swift in Sources */ = {isa = PBXBuildFile; fileRef = 4488D86A2BBBCE3400C4E55C /* OngoingView.swift */; };
		4488D8702BBBCE3400C4E55C /* TimerView.swift in Sources */ = {isa = PBXBuildFile; fileRef = 4488D8692BBBCE3400C4E55C /* TimerView.swift */; };
		4488D8752BBBD02900C4E55C /* OptionButton.swift in Sources */ = {isa = PBXBuildFile; fileRef = 4488D8712BBBD02900C4E55C /* OptionButton.swift */; };
		4488D8762BBBD02900C4E55C /* TimerManager.swift in Sources */ = {isa = PBXBuildFile; fileRef = 4488D8722BBBD02900C4E55C /* TimerManager.swift */; };
		4488D8772BBBD02900C4E55C /* AlarmManager.swift in Sources */ = {isa = PBXBuildFile; fileRef = 4488D8732BBBD02900C4E55C /* AlarmManager.swift */; };
		4488D8782BBBD02900C4E55C /* Color.swift in Sources */ = {isa = PBXBuildFile; fileRef = 4488D8742BBBD02900C4E55C /* Color.swift */; };
		4488D87A2BBE3C6D00C4E55C /* FinalView.swift in Sources */ = {isa = PBXBuildFile; fileRef = 4488D8792BBE3C6D00C4E55C /* FinalView.swift */; };
		448EB4F32BBA8DE6002B5D63 /* railrestApp.swift in Sources */ = {isa = PBXBuildFile; fileRef = 448EB4F22BBA8DE6002B5D63 /* railrestApp.swift */; };
		448EB4F72BBA8DE7002B5D63 /* Assets.xcassets in Resources */ = {isa = PBXBuildFile; fileRef = 448EB4F62BBA8DE7002B5D63 /* Assets.xcassets */; };
		448EB4FA2BBA8DE7002B5D63 /* Preview Assets.xcassets in Resources */ = {isa = PBXBuildFile; fileRef = 448EB4F92BBA8DE7002B5D63 /* Preview Assets.xcassets */; };
		448EB5212BBAA495002B5D63 /* HealthKitManager.swift in Sources */ = {isa = PBXBuildFile; fileRef = 448EB5202BBAA495002B5D63 /* HealthKitManager.swift */; };
/* End PBXBuildFile section */

/* Begin PBXCopyFilesBuildPhase section */
		448EB51B2BBA95F9002B5D63 /* Embed Watch Content */ = {
			isa = PBXCopyFilesBuildPhase;
			buildActionMask = 2147483647;
			dstPath = "$(CONTENTS_FOLDER_PATH)/Watch";
			dstSubfolderSpec = 16;
			files = (
			);
			name = "Embed Watch Content";
			runOnlyForDeploymentPostprocessing = 0;
		};
/* End PBXCopyFilesBuildPhase section */

/* Begin PBXFileReference section */
		019E18F12BBD38E60086012D /* rain.wav */ = {isa = PBXFileReference; lastKnownFileType = audio.wav; path = rain.wav; sourceTree = "<group>"; };
		019E18F32BBD38F60086012D /* alarm.wav */ = {isa = PBXFileReference; lastKnownFileType = audio.wav; path = alarm.wav; sourceTree = "<group>"; };
		019E18F72BBD399C0086012D /* NoiseManager.swift */ = {isa = PBXFileReference; lastKnownFileType = sourcecode.swift; path = NoiseManager.swift; sourceTree = "<group>"; };
		01D9E9CD2BBD5318003881DF /* static.wav */ = {isa = PBXFileReference; lastKnownFileType = audio.wav; path = static.wav; sourceTree = "<group>"; };
		4488D8672BBBCE3400C4E55C /* AlarmView.swift */ = {isa = PBXFileReference; lastKnownFileType = sourcecode.swift; path = AlarmView.swift; sourceTree = "<group>"; };
		4488D8682BBBCE3400C4E55C /* InitialView.swift */ = {isa = PBXFileReference; lastKnownFileType = sourcecode.swift; path = InitialView.swift; sourceTree = "<group>"; };
		4488D8692BBBCE3400C4E55C /* TimerView.swift */ = {isa = PBXFileReference; lastKnownFileType = sourcecode.swift; path = TimerView.swift; sourceTree = "<group>"; };
		4488D86A2BBBCE3400C4E55C /* OngoingView.swift */ = {isa = PBXFileReference; lastKnownFileType = sourcecode.swift; path = OngoingView.swift; sourceTree = "<group>"; };
		4488D86B2BBBCE3400C4E55C /* ContentView.swift */ = {isa = PBXFileReference; lastKnownFileType = sourcecode.swift; path = ContentView.swift; sourceTree = "<group>"; };
		4488D8712BBBD02900C4E55C /* OptionButton.swift */ = {isa = PBXFileReference; fileEncoding = 4; lastKnownFileType = sourcecode.swift; path = OptionButton.swift; sourceTree = "<group>"; };
		4488D8722BBBD02900C4E55C /* TimerManager.swift */ = {isa = PBXFileReference; fileEncoding = 4; lastKnownFileType = sourcecode.swift; path = TimerManager.swift; sourceTree = "<group>"; };
		4488D8732BBBD02900C4E55C /* AlarmManager.swift */ = {isa = PBXFileReference; fileEncoding = 4; lastKnownFileType = sourcecode.swift; path = AlarmManager.swift; sourceTree = "<group>"; };
		4488D8742BBBD02900C4E55C /* Color.swift */ = {isa = PBXFileReference; fileEncoding = 4; lastKnownFileType = sourcecode.swift; path = Color.swift; sourceTree = "<group>"; };
		4488D8792BBE3C6D00C4E55C /* FinalView.swift */ = {isa = PBXFileReference; lastKnownFileType = sourcecode.swift; path = FinalView.swift; sourceTree = "<group>"; };
		448EB4EF2BBA8DE6002B5D63 /* railrest.app */ = {isa = PBXFileReference; explicitFileType = wrapper.application; includeInIndex = 0; path = railrest.app; sourceTree = BUILT_PRODUCTS_DIR; };
		448EB4F22BBA8DE6002B5D63 /* railrestApp.swift */ = {isa = PBXFileReference; lastKnownFileType = sourcecode.swift; path = railrestApp.swift; sourceTree = "<group>"; };
		448EB4F62BBA8DE7002B5D63 /* Assets.xcassets */ = {isa = PBXFileReference; lastKnownFileType = folder.assetcatalog; path = Assets.xcassets; sourceTree = "<group>"; };
		448EB4F92BBA8DE7002B5D63 /* Preview Assets.xcassets */ = {isa = PBXFileReference; lastKnownFileType = folder.assetcatalog; path = "Preview Assets.xcassets"; sourceTree = "<group>"; };
		448EB5002BBA8E1E002B5D63 /* railrest.entitlements */ = {isa = PBXFileReference; lastKnownFileType = text.plist.entitlements; path = railrest.entitlements; sourceTree = "<group>"; };
		448EB5052BBA8F0B002B5D63 /* Info.plist */ = {isa = PBXFileReference; lastKnownFileType = text.plist; path = Info.plist; sourceTree = "<group>"; };
		448EB5202BBAA495002B5D63 /* HealthKitManager.swift */ = {isa = PBXFileReference; lastKnownFileType = sourcecode.swift; path = HealthKitManager.swift; sourceTree = "<group>"; };
/* End PBXFileReference section */

/* Begin PBXFrameworksBuildPhase section */
		448EB4EC2BBA8DE6002B5D63 /* Frameworks */ = {
			isa = PBXFrameworksBuildPhase;
			buildActionMask = 2147483647;
			files = (
			);
			runOnlyForDeploymentPostprocessing = 0;
		};
/* End PBXFrameworksBuildPhase section */

/* Begin PBXGroup section */
		019E18F02BBD38D10086012D /* Sound */ = {
			isa = PBXGroup;
			children = (
				019E18F32BBD38F60086012D /* alarm.wav */,
				01D9E9CD2BBD5318003881DF /* static.wav */,
				019E18F12BBD38E60086012D /* rain.wav */,
			);
			path = Sound;
			sourceTree = "<group>";
		};
		4488D8442BBBCCE400C4E55C /* Helper */ = {
			isa = PBXGroup;
			children = (
				4488D8732BBBD02900C4E55C /* AlarmManager.swift */,
				4488D8742BBBD02900C4E55C /* Color.swift */,
				4488D8712BBBD02900C4E55C /* OptionButton.swift */,
				4488D8722BBBD02900C4E55C /* TimerManager.swift */,
				448EB5202BBAA495002B5D63 /* HealthKitManager.swift */,
				019E18F72BBD399C0086012D /* NoiseManager.swift */,
			);
			path = Helper;
			sourceTree = "<group>";
		};
		4488D8662BBBCE3400C4E55C /* Views */ = {
			isa = PBXGroup;
			children = (
				4488D8672BBBCE3400C4E55C /* AlarmView.swift */,
				4488D86B2BBBCE3400C4E55C /* ContentView.swift */,
				4488D8682BBBCE3400C4E55C /* InitialView.swift */,
				4488D86A2BBBCE3400C4E55C /* OngoingView.swift */,
				4488D8692BBBCE3400C4E55C /* TimerView.swift */,
				4488D8792BBE3C6D00C4E55C /* FinalView.swift */,
			);
			path = Views;
			sourceTree = "<group>";
		};
		448EB4E62BBA8DE6002B5D63 = {
			isa = PBXGroup;
			children = (
				448EB4F12BBA8DE6002B5D63 /* railrest */,
				448EB4F02BBA8DE6002B5D63 /* Products */,
			);
			sourceTree = "<group>";
		};
		448EB4F02BBA8DE6002B5D63 /* Products */ = {
			isa = PBXGroup;
			children = (
				448EB4EF2BBA8DE6002B5D63 /* railrest.app */,
			);
			name = Products;
			sourceTree = "<group>";
		};
		448EB4F12BBA8DE6002B5D63 /* railrest */ = {
			isa = PBXGroup;
			children = (
				448EB4F22BBA8DE6002B5D63 /* railrestApp.swift */,
				4488D8662BBBCE3400C4E55C /* Views */,
				4488D8442BBBCCE400C4E55C /* Helper */,
				448EB5052BBA8F0B002B5D63 /* Info.plist */,
				019E18F02BBD38D10086012D /* Sound */,
				448EB5002BBA8E1E002B5D63 /* railrest.entitlements */,
				448EB4F62BBA8DE7002B5D63 /* Assets.xcassets */,
				448EB4F82BBA8DE7002B5D63 /* Preview Content */,
			);
			path = railrest;
			sourceTree = "<group>";
		};
		448EB4F82BBA8DE7002B5D63 /* Preview Content */ = {
			isa = PBXGroup;
			children = (
				448EB4F92BBA8DE7002B5D63 /* Preview Assets.xcassets */,
			);
			path = "Preview Content";
			sourceTree = "<group>";
		};
/* End PBXGroup section */

/* Begin PBXNativeTarget section */
		448EB4EE2BBA8DE6002B5D63 /* railrest */ = {
			isa = PBXNativeTarget;
			buildConfigurationList = 448EB4FD2BBA8DE7002B5D63 /* Build configuration list for PBXNativeTarget "railrest" */;
			buildPhases = (
				448EB4EB2BBA8DE6002B5D63 /* Sources */,
				448EB4EC2BBA8DE6002B5D63 /* Frameworks */,
				448EB4ED2BBA8DE6002B5D63 /* Resources */,
				448EB51B2BBA95F9002B5D63 /* Embed Watch Content */,
			);
			buildRules = (
			);
			dependencies = (
			);
			name = railrest;
			productName = railrest;
			productReference = 448EB4EF2BBA8DE6002B5D63 /* railrest.app */;
			productType = "com.apple.product-type.application";
		};
/* End PBXNativeTarget section */

/* Begin PBXProject section */
		448EB4E72BBA8DE6002B5D63 /* Project object */ = {
			isa = PBXProject;
			attributes = {
				BuildIndependentTargetsInParallel = 1;
				LastSwiftUpdateCheck = 1530;
				LastUpgradeCheck = 1530;
				TargetAttributes = {
					448EB4EE2BBA8DE6002B5D63 = {
						CreatedOnToolsVersion = 15.3;
					};
				};
			};
			buildConfigurationList = 448EB4EA2BBA8DE6002B5D63 /* Build configuration list for PBXProject "railrest" */;
			compatibilityVersion = "Xcode 14.0";
			developmentRegion = en;
			hasScannedForEncodings = 0;
			knownRegions = (
				en,
				Base,
			);
			mainGroup = 448EB4E62BBA8DE6002B5D63;
			productRefGroup = 448EB4F02BBA8DE6002B5D63 /* Products */;
			projectDirPath = "";
			projectRoot = "";
			targets = (
				448EB4EE2BBA8DE6002B5D63 /* railrest */,
			);
		};
/* End PBXProject section */

/* Begin PBXResourcesBuildPhase section */
		448EB4ED2BBA8DE6002B5D63 /* Resources */ = {
			isa = PBXResourcesBuildPhase;
			buildActionMask = 2147483647;
			files = (
				019E18F22BBD38E60086012D /* rain.wav in Resources */,
				448EB4FA2BBA8DE7002B5D63 /* Preview Assets.xcassets in Resources */,
				019E18F42BBD38F60086012D /* alarm.wav in Resources */,
				448EB4F72BBA8DE7002B5D63 /* Assets.xcassets in Resources */,
				01D9E9CE2BBD5318003881DF /* static.wav in Resources */,
			);
			runOnlyForDeploymentPostprocessing = 0;
		};
/* End PBXResourcesBuildPhase section */

/* Begin PBXSourcesBuildPhase section */
		448EB4EB2BBA8DE6002B5D63 /* Sources */ = {
			isa = PBXSourcesBuildPhase;
			buildActionMask = 2147483647;
			files = (
				4488D8702BBBCE3400C4E55C /* TimerView.swift in Sources */,
				4488D86E2BBBCE3400C4E55C /* InitialView.swift in Sources */,
				4488D8782BBBD02900C4E55C /* Color.swift in Sources */,
				4488D8752BBBD02900C4E55C /* OptionButton.swift in Sources */,
				4488D86C2BBBCE3400C4E55C /* ContentView.swift in Sources */,
				4488D87A2BBE3C6D00C4E55C /* FinalView.swift in Sources */,
				019E18F82BBD399C0086012D /* NoiseManager.swift in Sources */,
				4488D86D2BBBCE3400C4E55C /* AlarmView.swift in Sources */,
				448EB4F32BBA8DE6002B5D63 /* railrestApp.swift in Sources */,
				4488D8762BBBD02900C4E55C /* TimerManager.swift in Sources */,
				4488D86F2BBBCE3400C4E55C /* OngoingView.swift in Sources */,
				448EB5212BBAA495002B5D63 /* HealthKitManager.swift in Sources */,
				4488D8772BBBD02900C4E55C /* AlarmManager.swift in Sources */,
			);
			runOnlyForDeploymentPostprocessing = 0;
		};
/* End PBXSourcesBuildPhase section */

/* Begin XCBuildConfiguration section */
		448EB4FB2BBA8DE7002B5D63 /* Debug */ = {
			isa = XCBuildConfiguration;
			buildSettings = {
				ALWAYS_SEARCH_USER_PATHS = NO;
				ASSETCATALOG_COMPILER_GENERATE_SWIFT_ASSET_SYMBOL_EXTENSIONS = YES;
				CLANG_ANALYZER_NONNULL = YES;
				CLANG_ANALYZER_NUMBER_OBJECT_CONVERSION = YES_AGGRESSIVE;
				CLANG_CXX_LANGUAGE_STANDARD = "gnu++20";
				CLANG_ENABLE_MODULES = YES;
				CLANG_ENABLE_OBJC_ARC = YES;
				CLANG_ENABLE_OBJC_WEAK = YES;
				CLANG_WARN_BLOCK_CAPTURE_AUTORELEASING = YES;
				CLANG_WARN_BOOL_CONVERSION = YES;
				CLANG_WARN_COMMA = YES;
				CLANG_WARN_CONSTANT_CONVERSION = YES;
				CLANG_WARN_DEPRECATED_OBJC_IMPLEMENTATIONS = YES;
				CLANG_WARN_DIRECT_OBJC_ISA_USAGE = YES_ERROR;
				CLANG_WARN_DOCUMENTATION_COMMENTS = YES;
				CLANG_WARN_EMPTY_BODY = YES;
				CLANG_WARN_ENUM_CONVERSION = YES;
				CLANG_WARN_INFINITE_RECURSION = YES;
				CLANG_WARN_INT_CONVERSION = YES;
				CLANG_WARN_NON_LITERAL_NULL_CONVERSION = YES;
				CLANG_WARN_OBJC_IMPLICIT_RETAIN_SELF = YES;
				CLANG_WARN_OBJC_LITERAL_CONVERSION = YES;
				CLANG_WARN_OBJC_ROOT_CLASS = YES_ERROR;
				CLANG_WARN_QUOTED_INCLUDE_IN_FRAMEWORK_HEADER = YES;
				CLANG_WARN_RANGE_LOOP_ANALYSIS = YES;
				CLANG_WARN_STRICT_PROTOTYPES = YES;
				CLANG_WARN_SUSPICIOUS_MOVE = YES;
				CLANG_WARN_UNGUARDED_AVAILABILITY = YES_AGGRESSIVE;
				CLANG_WARN_UNREACHABLE_CODE = YES;
				CLANG_WARN__DUPLICATE_METHOD_MATCH = YES;
				COPY_PHASE_STRIP = NO;
				DEBUG_INFORMATION_FORMAT = dwarf;
				ENABLE_STRICT_OBJC_MSGSEND = YES;
				ENABLE_TESTABILITY = YES;
				ENABLE_USER_SCRIPT_SANDBOXING = YES;
				GCC_C_LANGUAGE_STANDARD = gnu17;
				GCC_DYNAMIC_NO_PIC = NO;
				GCC_NO_COMMON_BLOCKS = YES;
				GCC_OPTIMIZATION_LEVEL = 0;
				GCC_PREPROCESSOR_DEFINITIONS = (
					"DEBUG=1",
					"$(inherited)",
				);
				GCC_WARN_64_TO_32_BIT_CONVERSION = YES;
				GCC_WARN_ABOUT_RETURN_TYPE = YES_ERROR;
				GCC_WARN_UNDECLARED_SELECTOR = YES;
				GCC_WARN_UNINITIALIZED_AUTOS = YES_AGGRESSIVE;
				GCC_WARN_UNUSED_FUNCTION = YES;
				GCC_WARN_UNUSED_VARIABLE = YES;
				IPHONEOS_DEPLOYMENT_TARGET = 17.4;
				LOCALIZATION_PREFERS_STRING_CATALOGS = YES;
				MTL_ENABLE_DEBUG_INFO = INCLUDE_SOURCE;
				MTL_FAST_MATH = YES;
				ONLY_ACTIVE_ARCH = YES;
				SDKROOT = iphoneos;
				SWIFT_ACTIVE_COMPILATION_CONDITIONS = "DEBUG $(inherited)";
				SWIFT_OPTIMIZATION_LEVEL = "-Onone";
			};
			name = Debug;
		};
		448EB4FC2BBA8DE7002B5D63 /* Release */ = {
			isa = XCBuildConfiguration;
			buildSettings = {
				ALWAYS_SEARCH_USER_PATHS = NO;
				ASSETCATALOG_COMPILER_GENERATE_SWIFT_ASSET_SYMBOL_EXTENSIONS = YES;
				CLANG_ANALYZER_NONNULL = YES;
				CLANG_ANALYZER_NUMBER_OBJECT_CONVERSION = YES_AGGRESSIVE;
				CLANG_CXX_LANGUAGE_STANDARD = "gnu++20";
				CLANG_ENABLE_MODULES = YES;
				CLANG_ENABLE_OBJC_ARC = YES;
				CLANG_ENABLE_OBJC_WEAK = YES;
				CLANG_WARN_BLOCK_CAPTURE_AUTORELEASING = YES;
				CLANG_WARN_BOOL_CONVERSION = YES;
				CLANG_WARN_COMMA = YES;
				CLANG_WARN_CONSTANT_CONVERSION = YES;
				CLANG_WARN_DEPRECATED_OBJC_IMPLEMENTATIONS = YES;
				CLANG_WARN_DIRECT_OBJC_ISA_USAGE = YES_ERROR;
				CLANG_WARN_DOCUMENTATION_COMMENTS = YES;
				CLANG_WARN_EMPTY_BODY = YES;
				CLANG_WARN_ENUM_CONVERSION = YES;
				CLANG_WARN_INFINITE_RECURSION = YES;
				CLANG_WARN_INT_CONVERSION = YES;
				CLANG_WARN_NON_LITERAL_NULL_CONVERSION = YES;
				CLANG_WARN_OBJC_IMPLICIT_RETAIN_SELF = YES;
				CLANG_WARN_OBJC_LITERAL_CONVERSION = YES;
				CLANG_WARN_OBJC_ROOT_CLASS = YES_ERROR;
				CLANG_WARN_QUOTED_INCLUDE_IN_FRAMEWORK_HEADER = YES;
				CLANG_WARN_RANGE_LOOP_ANALYSIS = YES;
				CLANG_WARN_STRICT_PROTOTYPES = YES;
				CLANG_WARN_SUSPICIOUS_MOVE = YES;
				CLANG_WARN_UNGUARDED_AVAILABILITY = YES_AGGRESSIVE;
				CLANG_WARN_UNREACHABLE_CODE = YES;
				CLANG_WARN__DUPLICATE_METHOD_MATCH = YES;
				COPY_PHASE_STRIP = NO;
				DEBUG_INFORMATION_FORMAT = "dwarf-with-dsym";
				ENABLE_NS_ASSERTIONS = NO;
				ENABLE_STRICT_OBJC_MSGSEND = YES;
				ENABLE_USER_SCRIPT_SANDBOXING = YES;
				GCC_C_LANGUAGE_STANDARD = gnu17;
				GCC_NO_COMMON_BLOCKS = YES;
				GCC_WARN_64_TO_32_BIT_CONVERSION = YES;
				GCC_WARN_ABOUT_RETURN_TYPE = YES_ERROR;
				GCC_WARN_UNDECLARED_SELECTOR = YES;
				GCC_WARN_UNINITIALIZED_AUTOS = YES_AGGRESSIVE;
				GCC_WARN_UNUSED_FUNCTION = YES;
				GCC_WARN_UNUSED_VARIABLE = YES;
				IPHONEOS_DEPLOYMENT_TARGET = 17.4;
				LOCALIZATION_PREFERS_STRING_CATALOGS = YES;
				MTL_ENABLE_DEBUG_INFO = NO;
				MTL_FAST_MATH = YES;
				SDKROOT = iphoneos;
				SWIFT_COMPILATION_MODE = wholemodule;
				VALIDATE_PRODUCT = YES;
			};
			name = Release;
		};
		448EB4FE2BBA8DE7002B5D63 /* Debug */ = {
			isa = XCBuildConfiguration;
			buildSettings = {
				ASSETCATALOG_COMPILER_APPICON_NAME = AppIcon;
				ASSETCATALOG_COMPILER_GLOBAL_ACCENT_COLOR_NAME = AccentColor;
				CODE_SIGN_ENTITLEMENTS = railrest/railrest.entitlements;
				CODE_SIGN_STYLE = Automatic;
				CURRENT_PROJECT_VERSION = 1;
				DEVELOPMENT_ASSET_PATHS = "\"railrest/Preview Content\"";
				DEVELOPMENT_TEAM = C89FEC543S;
				ENABLE_PREVIEWS = YES;
				GENERATE_INFOPLIST_FILE = YES;
				INFOPLIST_FILE = railrest/Info.plist;
				INFOPLIST_KEY_NSHealthShareUsageDescription = "App ini membutuhkan akses ke data heart rate Anda untuk memantau fase tidur.";
				INFOPLIST_KEY_NSHealthUpdateUsageDescription = "App ini membutuhkan akses untuk menulis data kesehatan.";
				INFOPLIST_KEY_UIApplicationSceneManifest_Generation = YES;
				INFOPLIST_KEY_UIApplicationSupportsIndirectInputEvents = YES;
				INFOPLIST_KEY_UILaunchScreen_Generation = YES;
				INFOPLIST_KEY_UISupportedInterfaceOrientations_iPad = "UIInterfaceOrientationPortrait UIInterfaceOrientationPortraitUpsideDown UIInterfaceOrientationLandscapeLeft UIInterfaceOrientationLandscapeRight";
				INFOPLIST_KEY_UISupportedInterfaceOrientations_iPhone = "UIInterfaceOrientationPortrait UIInterfaceOrientationLandscapeLeft UIInterfaceOrientationLandscapeRight";
				IPHONEOS_DEPLOYMENT_TARGET = 17.2;
				LD_RUNPATH_SEARCH_PATHS = (
					"$(inherited)",
					"@executable_path/Frameworks",
				);
				MARKETING_VERSION = 1.0;
				PRODUCT_BUNDLE_IDENTIFIER = com.ankermania.railrest;
				PRODUCT_NAME = "$(TARGET_NAME)";
				SWIFT_EMIT_LOC_STRINGS = YES;
				SWIFT_VERSION = 5.0;
				TARGETED_DEVICE_FAMILY = "1,2";
			};
			name = Debug;
		};
		448EB4FF2BBA8DE7002B5D63 /* Release */ = {
			isa = XCBuildConfiguration;
			buildSettings = {
				ASSETCATALOG_COMPILER_APPICON_NAME = AppIcon;
				ASSETCATALOG_COMPILER_GLOBAL_ACCENT_COLOR_NAME = AccentColor;
				CODE_SIGN_ENTITLEMENTS = railrest/railrest.entitlements;
				CODE_SIGN_STYLE = Automatic;
				CURRENT_PROJECT_VERSION = 1;
				DEVELOPMENT_ASSET_PATHS = "\"railrest/Preview Content\"";
				DEVELOPMENT_TEAM = C89FEC543S;
				ENABLE_PREVIEWS = YES;
				GENERATE_INFOPLIST_FILE = YES;
				INFOPLIST_FILE = railrest/Info.plist;
				INFOPLIST_KEY_NSHealthShareUsageDescription = "App ini membutuhkan akses ke data heart rate Anda untuk memantau fase tidur.";
				INFOPLIST_KEY_NSHealthUpdateUsageDescription = "App ini membutuhkan akses untuk menulis data kesehatan.";
				INFOPLIST_KEY_UIApplicationSceneManifest_Generation = YES;
				INFOPLIST_KEY_UIApplicationSupportsIndirectInputEvents = YES;
				INFOPLIST_KEY_UILaunchScreen_Generation = YES;
				INFOPLIST_KEY_UISupportedInterfaceOrientations_iPad = "UIInterfaceOrientationPortrait UIInterfaceOrientationPortraitUpsideDown UIInterfaceOrientationLandscapeLeft UIInterfaceOrientationLandscapeRight";
				INFOPLIST_KEY_UISupportedInterfaceOrientations_iPhone = "UIInterfaceOrientationPortrait UIInterfaceOrientationLandscapeLeft UIInterfaceOrientationLandscapeRight";
				IPHONEOS_DEPLOYMENT_TARGET = 17.2;
				LD_RUNPATH_SEARCH_PATHS = (
					"$(inherited)",
					"@executable_path/Frameworks",
				);
				MARKETING_VERSION = 1.0;
				PRODUCT_BUNDLE_IDENTIFIER = com.ankermania.railrest;
				PRODUCT_NAME = "$(TARGET_NAME)";
				SWIFT_EMIT_LOC_STRINGS = YES;
				SWIFT_VERSION = 5.0;
				TARGETED_DEVICE_FAMILY = "1,2";
			};
			name = Release;
		};
/* End XCBuildConfiguration section */

/* Begin XCConfigurationList section */
		448EB4EA2BBA8DE6002B5D63 /* Build configuration list for PBXProject "railrest" */ = {
			isa = XCConfigurationList;
			buildConfigurations = (
				448EB4FB2BBA8DE7002B5D63 /* Debug */,
				448EB4FC2BBA8DE7002B5D63 /* Release */,
			);
			defaultConfigurationIsVisible = 0;
			defaultConfigurationName = Release;
		};
		448EB4FD2BBA8DE7002B5D63 /* Build configuration list for PBXNativeTarget "railrest" */ = {
			isa = XCConfigurationList;
			buildConfigurations = (
				448EB4FE2BBA8DE7002B5D63 /* Debug */,
				448EB4FF2BBA8DE7002B5D63 /* Release */,
			);
			defaultConfigurationIsVisible = 0;
			defaultConfigurationName = Release;
		};
/* End XCConfigurationList section */
	};
	rootObject = 448EB4E72BBA8DE6002B5D63 /* Project object */;
}
